<?xml version="1.0" encoding="utf-8"?>
<Project ToolsVersion="4.0" xmlns="http://schemas.microsoft.com/developer/msbuild/2003">
  <ItemGroup>
    <Filter Include="Source Files">
      <UniqueIdentifier>{4FC737F1-C7A5-4376-A066-2A32D752A2FF}</UniqueIdentifier>
      <Extensions>cpp;c;cc;cxx;c++;cppm;ixx;def;odl;idl;hpj;bat;asm;asmx</Extensions>
    </Filter>
    <Filter Include="Header Files">
      <UniqueIdentifier>{93995380-89BD-4b04-88EB-625FBE52EBFB}</UniqueIdentifier>
      <Extensions>h;hh;hpp;hxx;h++;hm;inl;inc;ipp;xsd</Extensions>
    </Filter>
    <Filter Include="Resource Files">
      <UniqueIdentifier>{67DA6AB6-F800-4c08-8B7A-83BB121AAD01}</UniqueIdentifier>
      <Extensions>rc;ico;cur;bmp;dlg;rc2;rct;bin;rgs;gif;jpg;jpeg;jpe;resx;tiff;tif;png;wav;mfcribbon-ms</Extensions>
    </Filter>
    <Filter Include="Source Files\Calculations">
      <UniqueIdentifier>{8c8dba5b-472f-4f18-8c65-9e503ded8bd1}</UniqueIdentifier>
    </Filter>
    <Filter Include="Header Files\Calculations">
      <UniqueIdentifier>{09696fef-f25b-4620-a324-40ed4beb1eaf}</UniqueIdentifier>
    </Filter>
    <Filter Include="Header Files\Factories">
      <UniqueIdentifier>{65051c50-192b-4d37-b2ae-75e9f5e05a2b}</UniqueIdentifier>
    </Filter>
    <Filter Include="Header Files\Decorators">
      <UniqueIdentifier>{8ca83083-54ca-4d45-84a2-7c432a3ecfd7}</UniqueIdentifier>
    </Filter>
    <Filter Include="Source Files\Decorators">
      <UniqueIdentifier>{6ae45e5f-12f6-4e41-83d9-13ecc4a9bf2e}</UniqueIdentifier>
    </Filter>
    <Filter Include="Header Files\Extensions">
      <UniqueIdentifier>{9212d2ee-943c-4569-8a49-c49464c9c13c}</UniqueIdentifier>
    </Filter>
    <Filter Include="Source Files\Extensions">
      <UniqueIdentifier>{cb5baf6a-b507-41eb-98f3-f3e7d074f8f9}</UniqueIdentifier>
    </Filter>
    <Filter Include="Source Files\Factories">
      <UniqueIdentifier>{61db28b8-8a7d-4156-bbb7-234c55f7aae2}</UniqueIdentifier>
    </Filter>
    <Filter Include="Header Files\Handlers">
      <UniqueIdentifier>{5a136d58-4c8e-433f-9bbd-c4dc9be17f02}</UniqueIdentifier>
    </Filter>
    <Filter Include="Source Files\Handlers">
      <UniqueIdentifier>{e6e2a410-350f-4028-bb1a-faea7ea80c0b}</UniqueIdentifier>
    </Filter>
    <Filter Include="Header Files\Facades">
      <UniqueIdentifier>{b880fb58-09fe-429b-9079-e6b6bb53bdec}</UniqueIdentifier>
    </Filter>
    <Filter Include="Source Files\Facades">
      <UniqueIdentifier>{ae76752a-a3f4-4604-865a-d667e19294bd}</UniqueIdentifier>
    </Filter>
    <Filter Include="Header Files\Commands">
      <UniqueIdentifier>{45a3462e-2701-45eb-8024-92cf66b41dcb}</UniqueIdentifier>
    </Filter>
    <Filter Include="Source Files\Commands">
      <UniqueIdentifier>{2dd61245-d89c-45f6-99a3-821caa540524}</UniqueIdentifier>
    </Filter>
    <Filter Include="Header Files\States">
      <UniqueIdentifier>{c506ca0f-10f3-478b-a8f2-9362932723c8}</UniqueIdentifier>
    </Filter>
    <Filter Include="Source Files\States">
      <UniqueIdentifier>{4bff1892-35e4-4eef-87f0-969895b164ca}</UniqueIdentifier>
    </Filter>
    <Filter Include="Header Files\Interface">
      <UniqueIdentifier>{ead75457-7db5-4a42-8b21-145f2cf8e0e0}</UniqueIdentifier>
    </Filter>
    <Filter Include="Source Files\Interface">
      <UniqueIdentifier>{a5abb038-b02e-4045-9595-078e960b015b}</UniqueIdentifier>
    </Filter>
  </ItemGroup>
  <ItemGroup>
    <ClCompile Include="SMFL.cpp">
      <Filter>Source Files</Filter>
    </ClCompile>
    <ClCompile Include="point.cpp">
      <Filter>Source Files\Calculations</Filter>
    </ClCompile>
    <ClCompile Include="drawer.cpp">
      <Filter>Source Files</Filter>
    </ClCompile>
    <ClCompile Include="rectangle_factory.cpp">
      <Filter>Source Files\Factories</Filter>
    </ClCompile>
    <ClCompile Include="circle_factory.cpp">
      <Filter>Source Files\Factories</Filter>
    </ClCompile>
    <ClCompile Include="triangle_decorator.cpp">
      <Filter>Source Files\Decorators</Filter>
    </ClCompile>
    <ClCompile Include="circle_decorator.cpp">
      <Filter>Source Files\Decorators</Filter>
    </ClCompile>
    <ClCompile Include="rectangle_decorator.cpp">
      <Filter>Source Files\Decorators</Filter>
    </ClCompile>
    <ClCompile Include="triangle_factory.cpp">
      <Filter>Source Files\Factories</Filter>
    </ClCompile>
    <ClCompile Include="figure.cpp">
      <Filter>Source Files\Decorators</Filter>
    </ClCompile>
    <ClCompile Include="file_manager.cpp">
      <Filter>Source Files\Extensions</Filter>
    </ClCompile>
    <ClCompile Include="my_extensions.cpp">
      <Filter>Source Files\Extensions</Filter>
    </ClCompile>
    <ClCompile Include="event_handler.cpp">
      <Filter>Source Files\Handlers</Filter>
    </ClCompile>
    <ClCompile Include="grouped_figure.cpp">
      <Filter>Source Files\Decorators</Filter>
    </ClCompile>
    <ClCompile Include="application_facade.cpp">
      <Filter>Source Files\Facades</Filter>
    </ClCompile>
    <ClCompile Include="user_handler.cpp">
      <Filter>Source Files\Handlers</Filter>
    </ClCompile>
    <ClCompile Include="dragging_state.cpp">
      <Filter>Source Files\States</Filter>
    </ClCompile>
    <ClCompile Include="filling_state.cpp">
      <Filter>Source Files\States</Filter>
    </ClCompile>
    <ClCompile Include="changing_outline_color_state.cpp">
      <Filter>Source Files\States</Filter>
    </ClCompile>
    <ClCompile Include="setting_outline_width_state.cpp">
      <Filter>Source Files\States</Filter>
    </ClCompile>
    <ClCompile Include="dragg_and_drop_command.cpp">
      <Filter>Source Files\Commands</Filter>
    </ClCompile>
    <ClCompile Include="fill_shape_command.cpp">
      <Filter>Source Files\Commands</Filter>
    </ClCompile>
    <ClCompile Include="change_outline_color_command.cpp">
      <Filter>Source Files\Commands</Filter>
    </ClCompile>
    <ClCompile Include="set_outline_width_command.cpp">
      <Filter>Source Files\Commands</Filter>
    </ClCompile>
    <ClCompile Include="button.cpp">
      <Filter>Source Files\Interface</Filter>
    </ClCompile>
    <ClCompile Include="set_fill_color_command.cpp">
      <Filter>Source Files\Commands</Filter>
    </ClCompile>
    <ClCompile Include="set_outline_color_command.cpp">
      <Filter>Source Files\Commands</Filter>
    </ClCompile>
    <ClCompile Include="change_outline_width_command.cpp">
      <Filter>Source Files\Commands</Filter>
    </ClCompile>
    <ClCompile Include="creating_rectangle_state.cpp">
      <Filter>Source Files\States</Filter>
    </ClCompile>
    <ClCompile Include="create_rectangle_command.cpp">
      <Filter>Source Files\Commands</Filter>
    </ClCompile>
    <ClCompile Include="creating_triangle_state.cpp">
      <Filter>Source Files\States</Filter>
    </ClCompile>
    <ClCompile Include="create_triangle_command.cpp">
      <Filter>Source Files\Commands</Filter>
    </ClCompile>
    <ClCompile Include="create_circle_command.cpp">
      <Filter>Source Files\Commands</Filter>
    </ClCompile>
    <ClCompile Include="creating_circle_state.cpp">
      <Filter>Source Files\States</Filter>
    </ClCompile>
  </ItemGroup>
  <ItemGroup>
    <ClInclude Include="drawer.h">
      <Filter>Header Files</Filter>
    </ClInclude>
    <ClInclude Include="point.h">
      <Filter>Header Files\Calculations</Filter>
    </ClInclude>
    <ClInclude Include="figure_factory.h">
      <Filter>Header Files\Factories</Filter>
    </ClInclude>
    <ClInclude Include="circle_factory.h">
      <Filter>Header Files\Factories</Filter>
    </ClInclude>
    <ClInclude Include="rectangle_factory.h">
      <Filter>Header Files\Factories</Filter>
    </ClInclude>
    <ClInclude Include="triangle_factory.h">
      <Filter>Header Files\Factories</Filter>
    </ClInclude>
    <ClInclude Include="rectangle_decorator.h">
      <Filter>Header Files\Decorators</Filter>
    </ClInclude>
    <ClInclude Include="triangle_decorator.h">
      <Filter>Header Files\Decorators</Filter>
    </ClInclude>
    <ClInclude Include="circle_decorator.h">
      <Filter>Header Files\Decorators</Filter>
    </ClInclude>
    <ClInclude Include="figure.h">
      <Filter>Header Files\Decorators</Filter>
    </ClInclude>
    <ClInclude Include="my_extensions.h">
      <Filter>Header Files\Extensions</Filter>
    </ClInclude>
    <ClInclude Include="file_manager.h">
      <Filter>Header Files\Extensions</Filter>
    </ClInclude>
    <ClInclude Include="event_handler.h">
      <Filter>Header Files\Handlers</Filter>
    </ClInclude>
    <ClInclude Include="grouped_figure.h">
      <Filter>Header Files\Decorators</Filter>
    </ClInclude>
    <ClInclude Include="application_facade.h">
      <Filter>Header Files\Facades</Filter>
    </ClInclude>
    <ClInclude Include="command.h">
      <Filter>Header Files\Commands</Filter>
    </ClInclude>
    <ClInclude Include="user_handler.h">
      <Filter>Header Files\Handlers</Filter>
    </ClInclude>
    <ClInclude Include="tool_state.h">
      <Filter>Header Files\States</Filter>
    </ClInclude>
    <ClInclude Include="dragging_state.h">
      <Filter>Header Files\States</Filter>
    </ClInclude>
    <ClInclude Include="filling_state.h">
      <Filter>Header Files\States</Filter>
    </ClInclude>
    <ClInclude Include="changing_outline_color_state.h">
      <Filter>Header Files\States</Filter>
    </ClInclude>
    <ClInclude Include="setting_outline_width_state.h">
      <Filter>Header Files\States</Filter>
    </ClInclude>
    <ClInclude Include="dragg_and_drop_command.h">
      <Filter>Header Files\Commands</Filter>
    </ClInclude>
    <ClInclude Include="fill_shape_command.h">
      <Filter>Header Files\Commands</Filter>
    </ClInclude>
    <ClInclude Include="change_outline_color_command.h">
      <Filter>Header Files\Commands</Filter>
    </ClInclude>
    <ClInclude Include="set_outline_width_command.h">
      <Filter>Header Files\Commands</Filter>
    </ClInclude>
    <ClInclude Include="button.h">
      <Filter>Header Files\Interface</Filter>
    </ClInclude>
    <ClInclude Include="set_fill_color_command.h">
      <Filter>Header Files\Commands</Filter>
    </ClInclude>
    <ClInclude Include="set_outline_color_command.h">
      <Filter>Header Files\Commands</Filter>
    </ClInclude>
    <ClInclude Include="change_outline_width_command.h">
      <Filter>Header Files\Commands</Filter>
    </ClInclude>
    <ClInclude Include="creating_rectangle_state.h">
      <Filter>Header Files\States</Filter>
    </ClInclude>
    <ClInclude Include="create_rectangle_command.h">
      <Filter>Header Files\Commands</Filter>
    </ClInclude>
    <ClInclude Include="creating_triangle_state.h">
      <Filter>Header Files\States</Filter>
    </ClInclude>
    <ClInclude Include="create_triangle_command.h">
      <Filter>Header Files\Commands</Filter>
    </ClInclude>
    <ClInclude Include="create_circle_command.h">
      <Filter>Header Files\Commands</Filter>
    </ClInclude>
    <ClInclude Include="creating_circle_state.h">
      <Filter>Header Files\States</Filter>
    </ClInclude>
  </ItemGroup>
  <ItemGroup>
    <Text Include="input.txt" />
    <Text Include="output.txt" />
  </ItemGroup>
</Project>